
Microsoft Visual Studio Solution File, Format Version 12.00
# Visual Studio Version 17
VisualStudioVersion = 17.7.34202.233
MinimumVisualStudioVersion = 10.0.40219.1
Project("{9A19103F-16F7-4668-BE54-9A1E7A4F7556}") = "H0AGKU_HFT_2023241.Client", "H0AGKU_HFT_2023241.Client\H0AGKU_HFT_2023241.Client.csproj", "{74CB648F-1EFF-480B-9AF1-AB1BEB861287}"
EndProject
Project("{9A19103F-16F7-4668-BE54-9A1E7A4F7556}") = "H0AGKU_HFT_2023241.Models", "H0AGKU_HFT_2023241.Models\H0AGKU_HFT_2023241.Models.csproj", "{CE1B6855-3D0D-4AE8-B936-E608DFDCE65D}"
EndProject
Project("{9A19103F-16F7-4668-BE54-9A1E7A4F7556}") = "H0AGKU_HFT_2023241.Logic", "H0AGKU_HFT_2023241.Logic\H0AGKU_HFT_2023241.Logic.csproj", "{3C08A181-38CC-43CA-A4A3-842049A94B69}"
EndProject
Project("{9A19103F-16F7-4668-BE54-9A1E7A4F7556}") = "H0AGKU_HFT_2023241.Repository", "H0AGKU_HFT_2023241.Repository\H0AGKU_HFT_2023241.Repository.csproj", "{E837E3A5-450D-452A-9699-1DAF28685EB3}"
EndProject
Project("{9A19103F-16F7-4668-BE54-9A1E7A4F7556}") = "H0AGKU_HFT_2023241.Endpoint", "H0AGKU_HFT_2023241.Endpoint\H0AGKU_HFT_2023241.Endpoint.csproj", "{115704F3-B61A-42E9-9148-C445877C81B1}"
EndProject
Project("{2150E333-8FDC-42A3-9474-1A3956D46DE8}") = "Backend", "Backend", "{B044B861-1C77-4A39-B332-BBD41CFEBA78}"
EndProject
Project("{2150E333-8FDC-42A3-9474-1A3956D46DE8}") = "Frontend", "Frontend", "{59882CFB-0D5E-4F25-A6BC-91E39EDB697D}"
EndProject
Project("{2150E333-8FDC-42A3-9474-1A3956D46DE8}") = "Shared", "Shared", "{CB456704-4D1E-4BEE-AC19-CDB1ABF92996}"
EndProject
Project("{2150E333-8FDC-42A3-9474-1A3956D46DE8}") = "Others", "Others", "{B4C36B7B-53D0-45B4-935D-4D8E12AF9E6A}"
	ProjectSection(SolutionItems) = preProject
		.gitignore = .gitignore
	EndProjectSection
EndProject
Project("{FAE04EC0-301F-11D3-BF4B-00C04F79EFBC}") = "H0AGKU_HFT_2023241.Test", "H0AGKU_HFT_2023241.Test\H0AGKU_HFT_2023241.Test.csproj", "{58AC49EE-ADA1-43E0-B0FE-1BD08451C015}"
EndProject
Global
	GlobalSection(SolutionConfigurationPlatforms) = preSolution
		Debug|Any CPU = Debug|Any CPU
		Release|Any CPU = Release|Any CPU
	EndGlobalSection
	GlobalSection(ProjectConfigurationPlatforms) = postSolution
		{74CB648F-1EFF-480B-9AF1-AB1BEB861287}.Debug|Any CPU.ActiveCfg = Debug|Any CPU
		{74CB648F-1EFF-480B-9AF1-AB1BEB861287}.Debug|Any CPU.Build.0 = Debug|Any CPU
		{74CB648F-1EFF-480B-9AF1-AB1BEB861287}.Release|Any CPU.ActiveCfg = Release|Any CPU
		{74CB648F-1EFF-480B-9AF1-AB1BEB861287}.Release|Any CPU.Build.0 = Release|Any CPU
		{CE1B6855-3D0D-4AE8-B936-E608DFDCE65D}.Debug|Any CPU.ActiveCfg = Debug|Any CPU
		{CE1B6855-3D0D-4AE8-B936-E608DFDCE65D}.Debug|Any CPU.Build.0 = Debug|Any CPU
		{CE1B6855-3D0D-4AE8-B936-E608DFDCE65D}.Release|Any CPU.ActiveCfg = Release|Any CPU
		{CE1B6855-3D0D-4AE8-B936-E608DFDCE65D}.Release|Any CPU.Build.0 = Release|Any CPU
		{3C08A181-38CC-43CA-A4A3-842049A94B69}.Debug|Any CPU.ActiveCfg = Debug|Any CPU
		{3C08A181-38CC-43CA-A4A3-842049A94B69}.Debug|Any CPU.Build.0 = Debug|Any CPU
		{3C08A181-38CC-43CA-A4A3-842049A94B69}.Release|Any CPU.ActiveCfg = Release|Any CPU
		{3C08A181-38CC-43CA-A4A3-842049A94B69}.Release|Any CPU.Build.0 = Release|Any CPU
		{E837E3A5-450D-452A-9699-1DAF28685EB3}.Debug|Any CPU.ActiveCfg = Debug|Any CPU
		{E837E3A5-450D-452A-9699-1DAF28685EB3}.Debug|Any CPU.Build.0 = Debug|Any CPU
		{E837E3A5-450D-452A-9699-1DAF28685EB3}.Release|Any CPU.ActiveCfg = Release|Any CPU
		{E837E3A5-450D-452A-9699-1DAF28685EB3}.Release|Any CPU.Build.0 = Release|Any CPU
		{115704F3-B61A-42E9-9148-C445877C81B1}.Debug|Any CPU.ActiveCfg = Debug|Any CPU
		{115704F3-B61A-42E9-9148-C445877C81B1}.Debug|Any CPU.Build.0 = Debug|Any CPU
		{115704F3-B61A-42E9-9148-C445877C81B1}.Release|Any CPU.ActiveCfg = Release|Any CPU
		{115704F3-B61A-42E9-9148-C445877C81B1}.Release|Any CPU.Build.0 = Release|Any CPU
		{58AC49EE-ADA1-43E0-B0FE-1BD08451C015}.Debug|Any CPU.ActiveCfg = Debug|Any CPU
		{58AC49EE-ADA1-43E0-B0FE-1BD08451C015}.Debug|Any CPU.Build.0 = Debug|Any CPU
		{58AC49EE-ADA1-43E0-B0FE-1BD08451C015}.Release|Any CPU.ActiveCfg = Release|Any CPU
		{58AC49EE-ADA1-43E0-B0FE-1BD08451C015}.Release|Any CPU.Build.0 = Release|Any CPU
	EndGlobalSection
	GlobalSection(SolutionProperties) = preSolution
		HideSolutionNode = FALSE
	EndGlobalSection
	GlobalSection(NestedProjects) = preSolution
		{74CB648F-1EFF-480B-9AF1-AB1BEB861287} = {59882CFB-0D5E-4F25-A6BC-91E39EDB697D}
		{CE1B6855-3D0D-4AE8-B936-E608DFDCE65D} = {CB456704-4D1E-4BEE-AC19-CDB1ABF92996}
		{3C08A181-38CC-43CA-A4A3-842049A94B69} = {B044B861-1C77-4A39-B332-BBD41CFEBA78}
		{E837E3A5-450D-452A-9699-1DAF28685EB3} = {B044B861-1C77-4A39-B332-BBD41CFEBA78}
		{115704F3-B61A-42E9-9148-C445877C81B1} = {B044B861-1C77-4A39-B332-BBD41CFEBA78}
		{58AC49EE-ADA1-43E0-B0FE-1BD08451C015} = {B044B861-1C77-4A39-B332-BBD41CFEBA78}
	EndGlobalSection
	GlobalSection(ExtensibilityGlobals) = postSolution
		SolutionGuid = {84E5CC11-48E7-4378-B575-FB38688C55EB}
	EndGlobalSection
EndGlobal
